
Microsoft Visual Studio Solution File, Format Version 12.00
# Visual Studio Version 17
VisualStudioVersion = 17.0.31903.59
MinimumVisualStudioVersion = 10.0.40219.1
Project("{9A19103F-16F7-4668-BE54-9A1E7A4F7556}") = "Host.SDK", "Host.SDK\Host.SDK.csproj", "{C10FBEB7-BE86-4E0E-92E7-4F61E76ED410}"
EndProject
Project("{9A19103F-16F7-4668-BE54-9A1E7A4F7556}") = "Host", "Host\Host.csproj", "{3849C9E8-91DB-4E06-8B54-658F07307676}"
EndProject
Project("{2150E333-8FDC-42A3-9474-1A3956D46DE8}") = "Plugins", "Plugins", "{1813929F-4304-41C2-B98B-9FF84E70A555}"
EndProject
Project("{9A19103F-16F7-4668-BE54-9A1E7A4F7556}") = "Modbus", "Plugins\Modbus\Modbus.csproj", "{A37D3CA2-C71A-447D-B7E6-AB920607DAD2}"
EndProject
Project("{9A19103F-16F7-4668-BE54-9A1E7A4F7556}") = "MitsubishiMC", "Plugins\MitsubishiMC\MitsubishiMC.csproj", "{741BBABD-A1E7-4A46-B251-ECE3A517ABBE}"
EndProject
Project("{9A19103F-16F7-4668-BE54-9A1E7A4F7556}") = "OmronFINS", "Plugins\OmronFINS\OmronFINS.csproj", "{6F4DB86A-81CF-45B9-A127-ADC96BC705BA}"
EndProject
Project("{9A19103F-16F7-4668-BE54-9A1E7A4F7556}") = "S7", "Plugins\S7\S7.csproj", "{E7A9C008-304A-44F6-8F58-1474B4340259}"
EndProject
Project("{2150E333-8FDC-42A3-9474-1A3956D46DE8}") = "Test", "Test", "{5699A955-AA25-4F9C-B2E1-3018970EEA83}"
EndProject
Project("{9A19103F-16F7-4668-BE54-9A1E7A4F7556}") = "ModbusSimulator", "Test\ModbusSimulator\ModbusSimulator.csproj", "{EA778A78-2D18-4772-B1F6-CB40318C4408}"
EndProject
Project("{9A19103F-16F7-4668-BE54-9A1E7A4F7556}") = "ModbusTcpClientTest", "Test\ModbusTcpClientTest\ModbusTcpClientTest.csproj", "{4C264B62-DE72-4020-BAAF-D202B1BA5E4F}"
EndProject
Project("{9A19103F-16F7-4668-BE54-9A1E7A4F7556}") = "ProtocolPluginTest", "Test\ProtocolPluginTest\ProtocolPluginTest.csproj", "{23C4C087-BDB5-4725-A534-860EA7D74F91}"
EndProject
Project("{2150E333-8FDC-42A3-9474-1A3956D46DE8}") = "解决方案项", "解决方案项", "{1C0CD667-926F-47B1-8B62-D6B2EE931D57}"
	ProjectSection(SolutionItems) = preProject
		README.md = README.md
	EndProjectSection
EndProject
Global
	GlobalSection(SolutionConfigurationPlatforms) = preSolution
		Debug|Any CPU = Debug|Any CPU
		Release|Any CPU = Release|Any CPU
	EndGlobalSection
	GlobalSection(ProjectConfigurationPlatforms) = postSolution
		{C10FBEB7-BE86-4E0E-92E7-4F61E76ED410}.Debug|Any CPU.ActiveCfg = Debug|Any CPU
		{C10FBEB7-BE86-4E0E-92E7-4F61E76ED410}.Debug|Any CPU.Build.0 = Debug|Any CPU
		{C10FBEB7-BE86-4E0E-92E7-4F61E76ED410}.Release|Any CPU.ActiveCfg = Release|Any CPU
		{C10FBEB7-BE86-4E0E-92E7-4F61E76ED410}.Release|Any CPU.Build.0 = Release|Any CPU
		{3849C9E8-91DB-4E06-8B54-658F07307676}.Debug|Any CPU.ActiveCfg = Debug|Any CPU
		{3849C9E8-91DB-4E06-8B54-658F07307676}.Debug|Any CPU.Build.0 = Debug|Any CPU
		{3849C9E8-91DB-4E06-8B54-658F07307676}.Release|Any CPU.ActiveCfg = Release|Any CPU
		{3849C9E8-91DB-4E06-8B54-658F07307676}.Release|Any CPU.Build.0 = Release|Any CPU
		{A37D3CA2-C71A-447D-B7E6-AB920607DAD2}.Debug|Any CPU.ActiveCfg = Debug|Any CPU
		{A37D3CA2-C71A-447D-B7E6-AB920607DAD2}.Debug|Any CPU.Build.0 = Debug|Any CPU
		{A37D3CA2-C71A-447D-B7E6-AB920607DAD2}.Release|Any CPU.ActiveCfg = Release|Any CPU
		{A37D3CA2-C71A-447D-B7E6-AB920607DAD2}.Release|Any CPU.Build.0 = Release|Any CPU
		{741BBABD-A1E7-4A46-B251-ECE3A517ABBE}.Debug|Any CPU.ActiveCfg = Debug|Any CPU
		{741BBABD-A1E7-4A46-B251-ECE3A517ABBE}.Debug|Any CPU.Build.0 = Debug|Any CPU
		{741BBABD-A1E7-4A46-B251-ECE3A517ABBE}.Release|Any CPU.ActiveCfg = Release|Any CPU
		{741BBABD-A1E7-4A46-B251-ECE3A517ABBE}.Release|Any CPU.Build.0 = Release|Any CPU
		{6F4DB86A-81CF-45B9-A127-ADC96BC705BA}.Debug|Any CPU.ActiveCfg = Debug|Any CPU
		{6F4DB86A-81CF-45B9-A127-ADC96BC705BA}.Debug|Any CPU.Build.0 = Debug|Any CPU
		{6F4DB86A-81CF-45B9-A127-ADC96BC705BA}.Release|Any CPU.ActiveCfg = Release|Any CPU
		{6F4DB86A-81CF-45B9-A127-ADC96BC705BA}.Release|Any CPU.Build.0 = Release|Any CPU
		{E7A9C008-304A-44F6-8F58-1474B4340259}.Debug|Any CPU.ActiveCfg = Debug|Any CPU
		{E7A9C008-304A-44F6-8F58-1474B4340259}.Debug|Any CPU.Build.0 = Debug|Any CPU
		{E7A9C008-304A-44F6-8F58-1474B4340259}.Release|Any CPU.ActiveCfg = Release|Any CPU
		{E7A9C008-304A-44F6-8F58-1474B4340259}.Release|Any CPU.Build.0 = Release|Any CPU
		{EA778A78-2D18-4772-B1F6-CB40318C4408}.Debug|Any CPU.ActiveCfg = Debug|Any CPU
		{EA778A78-2D18-4772-B1F6-CB40318C4408}.Debug|Any CPU.Build.0 = Debug|Any CPU
		{EA778A78-2D18-4772-B1F6-CB40318C4408}.Release|Any CPU.ActiveCfg = Release|Any CPU
		{EA778A78-2D18-4772-B1F6-CB40318C4408}.Release|Any CPU.Build.0 = Release|Any CPU
		{4C264B62-DE72-4020-BAAF-D202B1BA5E4F}.Debug|Any CPU.ActiveCfg = Debug|Any CPU
		{4C264B62-DE72-4020-BAAF-D202B1BA5E4F}.Debug|Any CPU.Build.0 = Debug|Any CPU
		{4C264B62-DE72-4020-BAAF-D202B1BA5E4F}.Release|Any CPU.ActiveCfg = Release|Any CPU
		{4C264B62-DE72-4020-BAAF-D202B1BA5E4F}.Release|Any CPU.Build.0 = Release|Any CPU
		{23C4C087-BDB5-4725-A534-860EA7D74F91}.Debug|Any CPU.ActiveCfg = Debug|Any CPU
		{23C4C087-BDB5-4725-A534-860EA7D74F91}.Debug|Any CPU.Build.0 = Debug|Any CPU
		{23C4C087-BDB5-4725-A534-860EA7D74F91}.Release|Any CPU.ActiveCfg = Release|Any CPU
		{23C4C087-BDB5-4725-A534-860EA7D74F91}.Release|Any CPU.Build.0 = Release|Any CPU
	EndGlobalSection
	GlobalSection(SolutionProperties) = preSolution
		HideSolutionNode = FALSE
	EndGlobalSection
	GlobalSection(NestedProjects) = preSolution
		{A37D3CA2-C71A-447D-B7E6-AB920607DAD2} = {1813929F-4304-41C2-B98B-9FF84E70A555}
		{741BBABD-A1E7-4A46-B251-ECE3A517ABBE} = {1813929F-4304-41C2-B98B-9FF84E70A555}
		{6F4DB86A-81CF-45B9-A127-ADC96BC705BA} = {1813929F-4304-41C2-B98B-9FF84E70A555}
		{E7A9C008-304A-44F6-8F58-1474B4340259} = {1813929F-4304-41C2-B98B-9FF84E70A555}
		{EA778A78-2D18-4772-B1F6-CB40318C4408} = {5699A955-AA25-4F9C-B2E1-3018970EEA83}
		{4C264B62-DE72-4020-BAAF-D202B1BA5E4F} = {5699A955-AA25-4F9C-B2E1-3018970EEA83}
		{23C4C087-BDB5-4725-A534-860EA7D74F91} = {5699A955-AA25-4F9C-B2E1-3018970EEA83}
	EndGlobalSection
EndGlobal
