
Microsoft Visual Studio Solution File, Format Version 12.00
# Visual Studio Version 17
VisualStudioVersion = 17.8.34511.84
MinimumVisualStudioVersion = 10.0.40219.1
Project("{2150E333-8FDC-42A3-9474-1A3956D46DE8}") = "Creational", "Creational", "{C4EF5EA1-A2A9-4350-956D-6E9D08FD8222}"
EndProject
Project("{2150E333-8FDC-42A3-9474-1A3956D46DE8}") = "Structural", "Structural", "{162AC129-892A-4D85-B5FD-EFC66CC9A656}"
EndProject
Project("{2150E333-8FDC-42A3-9474-1A3956D46DE8}") = "Behavioral", "Behavioral", "{B988CFE6-77FD-45DC-A390-48025CF06BCD}"
EndProject
Project("{2150E333-8FDC-42A3-9474-1A3956D46DE8}") = "解决方案项", "解决方案项", "{BDCC2289-BC3C-4455-B710-34E7DB1FBE19}"
	ProjectSection(SolutionItems) = preProject
		readme.md = readme.md
	EndProjectSection
EndProject
Project("{2150E333-8FDC-42A3-9474-1A3956D46DE8}") = "FactoryMethod", "FactoryMethod", "{36C0FA2A-CE98-48BE-BE91-67ED0CD8F388}"
EndProject
Project("{FAE04EC0-301F-11D3-BF4B-00C04F79EFBC}") = "FactoryMethodApp", "src\Creational\FactoryMethodApp\FactoryMethodApp.csproj", "{1E2F23A1-467F-41A9-A998-881D24DC7B5F}"
EndProject
Project("{2150E333-8FDC-42A3-9474-1A3956D46DE8}") = "src", "src", "{94F98E4C-1514-4BEB-997C-B7D2F4E0699F}"
EndProject
Project("{2150E333-8FDC-42A3-9474-1A3956D46DE8}") = "Creational", "Creational", "{727B2892-0400-448D-B616-20020B6D44F7}"
EndProject
Project("{FAE04EC0-301F-11D3-BF4B-00C04F79EFBC}") = "AbstractFactoryApp", "src\Creational\AbstractFactoryApp\AbstractFactoryApp.csproj", "{C3A8A26C-76EF-4933-BD66-80E761B5D337}"
EndProject
Project("{FAE04EC0-301F-11D3-BF4B-00C04F79EFBC}") = "BuilderApp", "src\Creational\BuilderApp\BuilderApp.csproj", "{69F85316-0589-4CAD-B3FD-152692A391D2}"
EndProject
Project("{FAE04EC0-301F-11D3-BF4B-00C04F79EFBC}") = "PrototypeApp", "src\Creational\PrototypeApp\PrototypeApp.csproj", "{4736D277-7838-4DB5-BE88-B60F27522F12}"
EndProject
Project("{FAE04EC0-301F-11D3-BF4B-00C04F79EFBC}") = "SingletonApp", "src\Creational\SingletonApp\SingletonApp.csproj", "{2EC237DB-CD83-45F9-868D-DFD35C7EA29A}"
EndProject
Project("{2150E333-8FDC-42A3-9474-1A3956D46DE8}") = "Structural", "Structural", "{814EA86B-EF9F-4C72-9A4D-A24C05CEA088}"
EndProject
Project("{FAE04EC0-301F-11D3-BF4B-00C04F79EFBC}") = "AdapterApp", "src\Structural\AdapterApp\AdapterApp.csproj", "{8402272C-620E-42F1-9A60-5607F2CDA1D4}"
EndProject
Project("{FAE04EC0-301F-11D3-BF4B-00C04F79EFBC}") = "BridgeApp", "src\Structural\BridgeApp\BridgeApp.csproj", "{A2078304-02D3-49D5-BA31-6177C80F6F0B}"
EndProject
Project("{FAE04EC0-301F-11D3-BF4B-00C04F79EFBC}") = "CompositeApp", "src\Structural\CompositeApp\CompositeApp.csproj", "{7FBEEE00-2F18-48C1-86F2-F787B713957A}"
EndProject
Project("{FAE04EC0-301F-11D3-BF4B-00C04F79EFBC}") = "DecoratorApp", "src\Structural\DecoratorApp\DecoratorApp.csproj", "{162FB5A5-9E37-4EAD-9942-DB894DFC55FB}"
EndProject
Project("{FAE04EC0-301F-11D3-BF4B-00C04F79EFBC}") = "FacadeApp", "src\Structural\FacadeApp\FacadeApp.csproj", "{16BE5284-7572-4830-84E3-99DEC64A7089}"
EndProject
Project("{FAE04EC0-301F-11D3-BF4B-00C04F79EFBC}") = "FlyweightApp", "src\Structural\FlyweightApp\FlyweightApp.csproj", "{F770C01F-BCAF-4691-AAFA-D0E65BBCBDD4}"
EndProject
Project("{FAE04EC0-301F-11D3-BF4B-00C04F79EFBC}") = "ProxyApp", "src\Structural\ProxyApp\ProxyApp.csproj", "{D71FADBE-B725-4E3D-A9B8-23E26C5CA4B7}"
EndProject
Project("{2150E333-8FDC-42A3-9474-1A3956D46DE8}") = "Behavioral", "Behavioral", "{A4A354FE-DA06-4647-8C47-9AFA53E01E30}"
EndProject
Project("{FAE04EC0-301F-11D3-BF4B-00C04F79EFBC}") = "ChainOfResponsibilityApp", "src\Behavioral\ChainOfResponsibilityApp\ChainOfResponsibilityApp.csproj", "{BF982657-6032-4BBC-99DF-98127DEDDCD4}"
EndProject
Project("{FAE04EC0-301F-11D3-BF4B-00C04F79EFBC}") = "CommandApp", "src\Behavioral\CommandApp\CommandApp.csproj", "{CAF4D87D-53BF-4E6B-8068-4FAF6988519F}"
EndProject
Project("{FAE04EC0-301F-11D3-BF4B-00C04F79EFBC}") = "IteratorApp", "src\Behavioral\IteratorApp\IteratorApp.csproj", "{C8C8CD81-8E03-419A-AC2E-107E64BB3A53}"
EndProject
Project("{FAE04EC0-301F-11D3-BF4B-00C04F79EFBC}") = "MediatorApp", "src\Behavioral\MediatorApp\MediatorApp.csproj", "{9199703E-8EF7-4A4C-BE38-EAA98032AD0F}"
EndProject
Project("{FAE04EC0-301F-11D3-BF4B-00C04F79EFBC}") = "MementoApp", "src\Behavioral\MementoApp\MementoApp.csproj", "{C4A9448E-7A42-403F-A61B-FA55FA80852F}"
EndProject
Project("{FAE04EC0-301F-11D3-BF4B-00C04F79EFBC}") = "ObserverApp", "src\Behavioral\ObserverApp\ObserverApp.csproj", "{BE868A65-B06D-4A81-A803-9F97A99A947E}"
EndProject
Project("{FAE04EC0-301F-11D3-BF4B-00C04F79EFBC}") = "StateApp", "src\Behavioral\StateApp\StateApp.csproj", "{AE87A8D6-927C-427E-82D9-025FC51E823F}"
EndProject
Project("{FAE04EC0-301F-11D3-BF4B-00C04F79EFBC}") = "StrategyApp", "src\Behavioral\StrategyApp\StrategyApp.csproj", "{F6EB218D-74A5-4A2B-97B2-2157A68D41B2}"
EndProject
Project("{FAE04EC0-301F-11D3-BF4B-00C04F79EFBC}") = "TemplateMethodApp", "src\Behavioral\TemplateMethodApp\TemplateMethodApp.csproj", "{763408ED-CC2F-4157-A142-818899EAF114}"
EndProject
Project("{FAE04EC0-301F-11D3-BF4B-00C04F79EFBC}") = "VisitorApp", "src\Behavioral\VisitorApp\VisitorApp.csproj", "{C20B7B76-183F-4461-BCD5-6C61665E10C2}"
EndProject
Global
	GlobalSection(SolutionConfigurationPlatforms) = preSolution
		Debug|Any CPU = Debug|Any CPU
		Release|Any CPU = Release|Any CPU
	EndGlobalSection
	GlobalSection(ProjectConfigurationPlatforms) = postSolution
		{1E2F23A1-467F-41A9-A998-881D24DC7B5F}.Debug|Any CPU.ActiveCfg = Debug|Any CPU
		{1E2F23A1-467F-41A9-A998-881D24DC7B5F}.Debug|Any CPU.Build.0 = Debug|Any CPU
		{1E2F23A1-467F-41A9-A998-881D24DC7B5F}.Release|Any CPU.ActiveCfg = Release|Any CPU
		{1E2F23A1-467F-41A9-A998-881D24DC7B5F}.Release|Any CPU.Build.0 = Release|Any CPU
		{C3A8A26C-76EF-4933-BD66-80E761B5D337}.Debug|Any CPU.ActiveCfg = Debug|Any CPU
		{C3A8A26C-76EF-4933-BD66-80E761B5D337}.Debug|Any CPU.Build.0 = Debug|Any CPU
		{C3A8A26C-76EF-4933-BD66-80E761B5D337}.Release|Any CPU.ActiveCfg = Release|Any CPU
		{C3A8A26C-76EF-4933-BD66-80E761B5D337}.Release|Any CPU.Build.0 = Release|Any CPU
		{69F85316-0589-4CAD-B3FD-152692A391D2}.Debug|Any CPU.ActiveCfg = Debug|Any CPU
		{69F85316-0589-4CAD-B3FD-152692A391D2}.Debug|Any CPU.Build.0 = Debug|Any CPU
		{69F85316-0589-4CAD-B3FD-152692A391D2}.Release|Any CPU.ActiveCfg = Release|Any CPU
		{69F85316-0589-4CAD-B3FD-152692A391D2}.Release|Any CPU.Build.0 = Release|Any CPU
		{4736D277-7838-4DB5-BE88-B60F27522F12}.Debug|Any CPU.ActiveCfg = Debug|Any CPU
		{4736D277-7838-4DB5-BE88-B60F27522F12}.Debug|Any CPU.Build.0 = Debug|Any CPU
		{4736D277-7838-4DB5-BE88-B60F27522F12}.Release|Any CPU.ActiveCfg = Release|Any CPU
		{4736D277-7838-4DB5-BE88-B60F27522F12}.Release|Any CPU.Build.0 = Release|Any CPU
		{2EC237DB-CD83-45F9-868D-DFD35C7EA29A}.Debug|Any CPU.ActiveCfg = Debug|Any CPU
		{2EC237DB-CD83-45F9-868D-DFD35C7EA29A}.Debug|Any CPU.Build.0 = Debug|Any CPU
		{2EC237DB-CD83-45F9-868D-DFD35C7EA29A}.Release|Any CPU.ActiveCfg = Release|Any CPU
		{2EC237DB-CD83-45F9-868D-DFD35C7EA29A}.Release|Any CPU.Build.0 = Release|Any CPU
		{8402272C-620E-42F1-9A60-5607F2CDA1D4}.Debug|Any CPU.ActiveCfg = Debug|Any CPU
		{8402272C-620E-42F1-9A60-5607F2CDA1D4}.Debug|Any CPU.Build.0 = Debug|Any CPU
		{8402272C-620E-42F1-9A60-5607F2CDA1D4}.Release|Any CPU.ActiveCfg = Release|Any CPU
		{8402272C-620E-42F1-9A60-5607F2CDA1D4}.Release|Any CPU.Build.0 = Release|Any CPU
		{A2078304-02D3-49D5-BA31-6177C80F6F0B}.Debug|Any CPU.ActiveCfg = Debug|Any CPU
		{A2078304-02D3-49D5-BA31-6177C80F6F0B}.Debug|Any CPU.Build.0 = Debug|Any CPU
		{A2078304-02D3-49D5-BA31-6177C80F6F0B}.Release|Any CPU.ActiveCfg = Release|Any CPU
		{A2078304-02D3-49D5-BA31-6177C80F6F0B}.Release|Any CPU.Build.0 = Release|Any CPU
		{7FBEEE00-2F18-48C1-86F2-F787B713957A}.Debug|Any CPU.ActiveCfg = Debug|Any CPU
		{7FBEEE00-2F18-48C1-86F2-F787B713957A}.Debug|Any CPU.Build.0 = Debug|Any CPU
		{7FBEEE00-2F18-48C1-86F2-F787B713957A}.Release|Any CPU.ActiveCfg = Release|Any CPU
		{7FBEEE00-2F18-48C1-86F2-F787B713957A}.Release|Any CPU.Build.0 = Release|Any CPU
		{162FB5A5-9E37-4EAD-9942-DB894DFC55FB}.Debug|Any CPU.ActiveCfg = Debug|Any CPU
		{162FB5A5-9E37-4EAD-9942-DB894DFC55FB}.Debug|Any CPU.Build.0 = Debug|Any CPU
		{162FB5A5-9E37-4EAD-9942-DB894DFC55FB}.Release|Any CPU.ActiveCfg = Release|Any CPU
		{162FB5A5-9E37-4EAD-9942-DB894DFC55FB}.Release|Any CPU.Build.0 = Release|Any CPU
		{16BE5284-7572-4830-84E3-99DEC64A7089}.Debug|Any CPU.ActiveCfg = Debug|Any CPU
		{16BE5284-7572-4830-84E3-99DEC64A7089}.Debug|Any CPU.Build.0 = Debug|Any CPU
		{16BE5284-7572-4830-84E3-99DEC64A7089}.Release|Any CPU.ActiveCfg = Release|Any CPU
		{16BE5284-7572-4830-84E3-99DEC64A7089}.Release|Any CPU.Build.0 = Release|Any CPU
		{F770C01F-BCAF-4691-AAFA-D0E65BBCBDD4}.Debug|Any CPU.ActiveCfg = Debug|Any CPU
		{F770C01F-BCAF-4691-AAFA-D0E65BBCBDD4}.Debug|Any CPU.Build.0 = Debug|Any CPU
		{F770C01F-BCAF-4691-AAFA-D0E65BBCBDD4}.Release|Any CPU.ActiveCfg = Release|Any CPU
		{F770C01F-BCAF-4691-AAFA-D0E65BBCBDD4}.Release|Any CPU.Build.0 = Release|Any CPU
		{D71FADBE-B725-4E3D-A9B8-23E26C5CA4B7}.Debug|Any CPU.ActiveCfg = Debug|Any CPU
		{D71FADBE-B725-4E3D-A9B8-23E26C5CA4B7}.Debug|Any CPU.Build.0 = Debug|Any CPU
		{D71FADBE-B725-4E3D-A9B8-23E26C5CA4B7}.Release|Any CPU.ActiveCfg = Release|Any CPU
		{D71FADBE-B725-4E3D-A9B8-23E26C5CA4B7}.Release|Any CPU.Build.0 = Release|Any CPU
		{BF982657-6032-4BBC-99DF-98127DEDDCD4}.Debug|Any CPU.ActiveCfg = Debug|Any CPU
		{BF982657-6032-4BBC-99DF-98127DEDDCD4}.Debug|Any CPU.Build.0 = Debug|Any CPU
		{BF982657-6032-4BBC-99DF-98127DEDDCD4}.Release|Any CPU.ActiveCfg = Release|Any CPU
		{BF982657-6032-4BBC-99DF-98127DEDDCD4}.Release|Any CPU.Build.0 = Release|Any CPU
		{CAF4D87D-53BF-4E6B-8068-4FAF6988519F}.Debug|Any CPU.ActiveCfg = Debug|Any CPU
		{CAF4D87D-53BF-4E6B-8068-4FAF6988519F}.Debug|Any CPU.Build.0 = Debug|Any CPU
		{CAF4D87D-53BF-4E6B-8068-4FAF6988519F}.Release|Any CPU.ActiveCfg = Release|Any CPU
		{CAF4D87D-53BF-4E6B-8068-4FAF6988519F}.Release|Any CPU.Build.0 = Release|Any CPU
		{C8C8CD81-8E03-419A-AC2E-107E64BB3A53}.Debug|Any CPU.ActiveCfg = Debug|Any CPU
		{C8C8CD81-8E03-419A-AC2E-107E64BB3A53}.Debug|Any CPU.Build.0 = Debug|Any CPU
		{C8C8CD81-8E03-419A-AC2E-107E64BB3A53}.Release|Any CPU.ActiveCfg = Release|Any CPU
		{C8C8CD81-8E03-419A-AC2E-107E64BB3A53}.Release|Any CPU.Build.0 = Release|Any CPU
		{9199703E-8EF7-4A4C-BE38-EAA98032AD0F}.Debug|Any CPU.ActiveCfg = Debug|Any CPU
		{9199703E-8EF7-4A4C-BE38-EAA98032AD0F}.Debug|Any CPU.Build.0 = Debug|Any CPU
		{9199703E-8EF7-4A4C-BE38-EAA98032AD0F}.Release|Any CPU.ActiveCfg = Release|Any CPU
		{9199703E-8EF7-4A4C-BE38-EAA98032AD0F}.Release|Any CPU.Build.0 = Release|Any CPU
		{C4A9448E-7A42-403F-A61B-FA55FA80852F}.Debug|Any CPU.ActiveCfg = Debug|Any CPU
		{C4A9448E-7A42-403F-A61B-FA55FA80852F}.Debug|Any CPU.Build.0 = Debug|Any CPU
		{C4A9448E-7A42-403F-A61B-FA55FA80852F}.Release|Any CPU.ActiveCfg = Release|Any CPU
		{C4A9448E-7A42-403F-A61B-FA55FA80852F}.Release|Any CPU.Build.0 = Release|Any CPU
		{BE868A65-B06D-4A81-A803-9F97A99A947E}.Debug|Any CPU.ActiveCfg = Debug|Any CPU
		{BE868A65-B06D-4A81-A803-9F97A99A947E}.Debug|Any CPU.Build.0 = Debug|Any CPU
		{BE868A65-B06D-4A81-A803-9F97A99A947E}.Release|Any CPU.ActiveCfg = Release|Any CPU
		{BE868A65-B06D-4A81-A803-9F97A99A947E}.Release|Any CPU.Build.0 = Release|Any CPU
		{AE87A8D6-927C-427E-82D9-025FC51E823F}.Debug|Any CPU.ActiveCfg = Debug|Any CPU
		{AE87A8D6-927C-427E-82D9-025FC51E823F}.Debug|Any CPU.Build.0 = Debug|Any CPU
		{AE87A8D6-927C-427E-82D9-025FC51E823F}.Release|Any CPU.ActiveCfg = Release|Any CPU
		{AE87A8D6-927C-427E-82D9-025FC51E823F}.Release|Any CPU.Build.0 = Release|Any CPU
		{F6EB218D-74A5-4A2B-97B2-2157A68D41B2}.Debug|Any CPU.ActiveCfg = Debug|Any CPU
		{F6EB218D-74A5-4A2B-97B2-2157A68D41B2}.Debug|Any CPU.Build.0 = Debug|Any CPU
		{F6EB218D-74A5-4A2B-97B2-2157A68D41B2}.Release|Any CPU.ActiveCfg = Release|Any CPU
		{F6EB218D-74A5-4A2B-97B2-2157A68D41B2}.Release|Any CPU.Build.0 = Release|Any CPU
		{763408ED-CC2F-4157-A142-818899EAF114}.Debug|Any CPU.ActiveCfg = Debug|Any CPU
		{763408ED-CC2F-4157-A142-818899EAF114}.Debug|Any CPU.Build.0 = Debug|Any CPU
		{763408ED-CC2F-4157-A142-818899EAF114}.Release|Any CPU.ActiveCfg = Release|Any CPU
		{763408ED-CC2F-4157-A142-818899EAF114}.Release|Any CPU.Build.0 = Release|Any CPU
		{C20B7B76-183F-4461-BCD5-6C61665E10C2}.Debug|Any CPU.ActiveCfg = Debug|Any CPU
		{C20B7B76-183F-4461-BCD5-6C61665E10C2}.Debug|Any CPU.Build.0 = Debug|Any CPU
		{C20B7B76-183F-4461-BCD5-6C61665E10C2}.Release|Any CPU.ActiveCfg = Release|Any CPU
		{C20B7B76-183F-4461-BCD5-6C61665E10C2}.Release|Any CPU.Build.0 = Release|Any CPU
	EndGlobalSection
	GlobalSection(SolutionProperties) = preSolution
		HideSolutionNode = FALSE
	EndGlobalSection
	GlobalSection(NestedProjects) = preSolution
		{36C0FA2A-CE98-48BE-BE91-67ED0CD8F388} = {C4EF5EA1-A2A9-4350-956D-6E9D08FD8222}
		{1E2F23A1-467F-41A9-A998-881D24DC7B5F} = {36C0FA2A-CE98-48BE-BE91-67ED0CD8F388}
		{727B2892-0400-448D-B616-20020B6D44F7} = {94F98E4C-1514-4BEB-997C-B7D2F4E0699F}
		{C3A8A26C-76EF-4933-BD66-80E761B5D337} = {727B2892-0400-448D-B616-20020B6D44F7}
		{69F85316-0589-4CAD-B3FD-152692A391D2} = {727B2892-0400-448D-B616-20020B6D44F7}
		{4736D277-7838-4DB5-BE88-B60F27522F12} = {727B2892-0400-448D-B616-20020B6D44F7}
		{2EC237DB-CD83-45F9-868D-DFD35C7EA29A} = {727B2892-0400-448D-B616-20020B6D44F7}
		{814EA86B-EF9F-4C72-9A4D-A24C05CEA088} = {94F98E4C-1514-4BEB-997C-B7D2F4E0699F}
		{8402272C-620E-42F1-9A60-5607F2CDA1D4} = {814EA86B-EF9F-4C72-9A4D-A24C05CEA088}
		{A2078304-02D3-49D5-BA31-6177C80F6F0B} = {814EA86B-EF9F-4C72-9A4D-A24C05CEA088}
		{7FBEEE00-2F18-48C1-86F2-F787B713957A} = {814EA86B-EF9F-4C72-9A4D-A24C05CEA088}
		{162FB5A5-9E37-4EAD-9942-DB894DFC55FB} = {814EA86B-EF9F-4C72-9A4D-A24C05CEA088}
		{16BE5284-7572-4830-84E3-99DEC64A7089} = {814EA86B-EF9F-4C72-9A4D-A24C05CEA088}
		{F770C01F-BCAF-4691-AAFA-D0E65BBCBDD4} = {814EA86B-EF9F-4C72-9A4D-A24C05CEA088}
		{D71FADBE-B725-4E3D-A9B8-23E26C5CA4B7} = {814EA86B-EF9F-4C72-9A4D-A24C05CEA088}
		{A4A354FE-DA06-4647-8C47-9AFA53E01E30} = {94F98E4C-1514-4BEB-997C-B7D2F4E0699F}
		{BF982657-6032-4BBC-99DF-98127DEDDCD4} = {A4A354FE-DA06-4647-8C47-9AFA53E01E30}
		{CAF4D87D-53BF-4E6B-8068-4FAF6988519F} = {A4A354FE-DA06-4647-8C47-9AFA53E01E30}
		{C8C8CD81-8E03-419A-AC2E-107E64BB3A53} = {A4A354FE-DA06-4647-8C47-9AFA53E01E30}
		{9199703E-8EF7-4A4C-BE38-EAA98032AD0F} = {A4A354FE-DA06-4647-8C47-9AFA53E01E30}
		{C4A9448E-7A42-403F-A61B-FA55FA80852F} = {A4A354FE-DA06-4647-8C47-9AFA53E01E30}
		{BE868A65-B06D-4A81-A803-9F97A99A947E} = {A4A354FE-DA06-4647-8C47-9AFA53E01E30}
		{AE87A8D6-927C-427E-82D9-025FC51E823F} = {A4A354FE-DA06-4647-8C47-9AFA53E01E30}
		{F6EB218D-74A5-4A2B-97B2-2157A68D41B2} = {A4A354FE-DA06-4647-8C47-9AFA53E01E30}
		{763408ED-CC2F-4157-A142-818899EAF114} = {A4A354FE-DA06-4647-8C47-9AFA53E01E30}
		{C20B7B76-183F-4461-BCD5-6C61665E10C2} = {A4A354FE-DA06-4647-8C47-9AFA53E01E30}
	EndGlobalSection
	GlobalSection(ExtensibilityGlobals) = postSolution
		SolutionGuid = {9706B440-00E4-4A5B-82E1-C2893A795FAD}
	EndGlobalSection
EndGlobal
