
Microsoft Visual Studio Solution File, Format Version 12.00
# Visual Studio Version 17
VisualStudioVersion = 17.3.32804.467
MinimumVisualStudioVersion = 10.0.40219.1
Project("{FAE04EC0-301F-11D3-BF4B-00C04F79EFBC}") = "binaryTree", "binaryTree.csproj", "{18CF1E07-852D-4DC9-A6D3-AB08B8D05BC5}"
EndProject
Global
	GlobalSection(SolutionConfigurationPlatforms) = preSolution
		Debug|Any CPU = Debug|Any CPU
		Release|Any CPU = Release|Any CPU
	EndGlobalSection
	GlobalSection(ProjectConfigurationPlatforms) = postSolution
		{18CF1E07-852D-4DC9-A6D3-AB08B8D05BC5}.Debug|Any CPU.ActiveCfg = Debug|Any CPU
		{18CF1E07-852D-4DC9-A6D3-AB08B8D05BC5}.Debug|Any CPU.Build.0 = Debug|Any CPU
		{18CF1E07-852D-4DC9-A6D3-AB08B8D05BC5}.Release|Any CPU.ActiveCfg = Release|Any CPU
		{18CF1E07-852D-4DC9-A6D3-AB08B8D05BC5}.Release|Any CPU.Build.0 = Release|Any CPU
	EndGlobalSection
	GlobalSection(SolutionProperties) = preSolution
		HideSolutionNode = FALSE
	EndGlobalSection
	GlobalSection(ExtensibilityGlobals) = postSolution
		SolutionGuid = {F23BC806-CE11-466D-A568-FADB8694376F}
	EndGlobalSection
EndGlobal
