
Microsoft Visual Studio Solution File, Format Version 12.00
# Visual Studio Version 17
VisualStudioVersion = 17.3.32804.467
MinimumVisualStudioVersion = 10.0.40219.1
Project("{9A19103F-16F7-4668-BE54-9A1E7A4F7556}") = "Gateway", "Gateway.csproj", "{C8C7E77D-6A92-45C9-B110-4E35115C8407}"
EndProject
Project("{9A19103F-16F7-4668-BE54-9A1E7A4F7556}") = "ServiceA", "..\ServiceA\ServiceA.csproj", "{C3E6A6B6-4C31-41DC-A601-3B9E1A9B147E}"
EndProject
Project("{9A19103F-16F7-4668-BE54-9A1E7A4F7556}") = "ServiceB", "..\ServiceB\ServiceB.csproj", "{9B395027-9691-4C4D-AB74-6C7242AB8059}"
EndProject
Global
	GlobalSection(SolutionConfigurationPlatforms) = preSolution
		Debug|Any CPU = Debug|Any CPU
		Release|Any CPU = Release|Any CPU
	EndGlobalSection
	GlobalSection(ProjectConfigurationPlatforms) = postSolution
		{C8C7E77D-6A92-45C9-B110-4E35115C8407}.Debug|Any CPU.ActiveCfg = Debug|Any CPU
		{C8C7E77D-6A92-45C9-B110-4E35115C8407}.Debug|Any CPU.Build.0 = Debug|Any CPU
		{C8C7E77D-6A92-45C9-B110-4E35115C8407}.Release|Any CPU.ActiveCfg = Release|Any CPU
		{C8C7E77D-6A92-45C9-B110-4E35115C8407}.Release|Any CPU.Build.0 = Release|Any CPU
		{C3E6A6B6-4C31-41DC-A601-3B9E1A9B147E}.Debug|Any CPU.ActiveCfg = Debug|Any CPU
		{C3E6A6B6-4C31-41DC-A601-3B9E1A9B147E}.Debug|Any CPU.Build.0 = Debug|Any CPU
		{C3E6A6B6-4C31-41DC-A601-3B9E1A9B147E}.Release|Any CPU.ActiveCfg = Release|Any CPU
		{C3E6A6B6-4C31-41DC-A601-3B9E1A9B147E}.Release|Any CPU.Build.0 = Release|Any CPU
		{9B395027-9691-4C4D-AB74-6C7242AB8059}.Debug|Any CPU.ActiveCfg = Debug|Any CPU
		{9B395027-9691-4C4D-AB74-6C7242AB8059}.Debug|Any CPU.Build.0 = Debug|Any CPU
		{9B395027-9691-4C4D-AB74-6C7242AB8059}.Release|Any CPU.ActiveCfg = Release|Any CPU
		{9B395027-9691-4C4D-AB74-6C7242AB8059}.Release|Any CPU.Build.0 = Release|Any CPU
	EndGlobalSection
	GlobalSection(SolutionProperties) = preSolution
		HideSolutionNode = FALSE
	EndGlobalSection
	GlobalSection(ExtensibilityGlobals) = postSolution
		SolutionGuid = {53F077E9-D4E3-4B2B-8A07-9F41C270D582}
	EndGlobalSection
EndGlobal
